// !$*UTF8*$!
{
	archiveVersion = 1;
	classes = {
	};
	objectVersion = 56;
	objects = {

/* Begin PBXBuildFile section */
		CE7105CA2C5931B4003FB169 /* DetailView.swift in Sources */ = {isa = PBXBuildFile; fileRef = CE7105C92C5931B4003FB169 /* DetailView.swift */; };
		CE86E1802C57DEFC006BD415 /* CoffeShopAppApp.swift in Sources */ = {isa = PBXBuildFile; fileRef = CE86E17F2C57DEFC006BD415 /* CoffeShopAppApp.swift */; };
		CE86E1822C57DEFC006BD415 /* MainMenu.swift in Sources */ = {isa = PBXBuildFile; fileRef = CE86E1812C57DEFC006BD415 /* MainMenu.swift */; };
		CE86E1842C57DEFE006BD415 /* Assets.xcassets in Resources */ = {isa = PBXBuildFile; fileRef = CE86E1832C57DEFE006BD415 /* Assets.xcassets */; };
		CE86E1872C57DEFE006BD415 /* Preview Assets.xcassets in Resources */ = {isa = PBXBuildFile; fileRef = CE86E1862C57DEFE006BD415 /* Preview Assets.xcassets */; };
		CE86E18F2C57E1F5006BD415 /* Color+Extension.swift in Sources */ = {isa = PBXBuildFile; fileRef = CE86E18E2C57E1F5006BD415 /* Color+Extension.swift */; };
		CE86E1912C57E331006BD415 /* OnboardingView.swift in Sources */ = {isa = PBXBuildFile; fileRef = CE86E1902C57E331006BD415 /* OnboardingView.swift */; };
		CE86E1942C57ED4D006BD415 /* FavoritesView.swift in Sources */ = {isa = PBXBuildFile; fileRef = CE86E1932C57ED4D006BD415 /* FavoritesView.swift */; };
		CE86E1962C57ED85006BD415 /* CartView.swift in Sources */ = {isa = PBXBuildFile; fileRef = CE86E1952C57ED85006BD415 /* CartView.swift */; };
		CE86E1982C57ED91006BD415 /* NotificationView.swift in Sources */ = {isa = PBXBuildFile; fileRef = CE86E1972C57ED91006BD415 /* NotificationView.swift */; };
		CE86E19A2C57F025006BD415 /* ContentView.swift in Sources */ = {isa = PBXBuildFile; fileRef = CE86E1992C57F025006BD415 /* ContentView.swift */; };
/* End PBXBuildFile section */

/* Begin PBXFileReference section */
		CE7105C92C5931B4003FB169 /* DetailView.swift */ = {isa = PBXFileReference; lastKnownFileType = sourcecode.swift; path = DetailView.swift; sourceTree = "<group>"; };
		CE86E17C2C57DEFC006BD415 /* CoffeShopApp.app */ = {isa = PBXFileReference; explicitFileType = wrapper.application; includeInIndex = 0; path = CoffeShopApp.app; sourceTree = BUILT_PRODUCTS_DIR; };
		CE86E17F2C57DEFC006BD415 /* CoffeShopAppApp.swift */ = {isa = PBXFileReference; lastKnownFileType = sourcecode.swift; path = CoffeShopAppApp.swift; sourceTree = "<group>"; };
		CE86E1812C57DEFC006BD415 /* MainMenu.swift */ = {isa = PBXFileReference; lastKnownFileType = sourcecode.swift; path = MainMenu.swift; sourceTree = "<group>"; };
		CE86E1832C57DEFE006BD415 /* Assets.xcassets */ = {isa = PBXFileReference; lastKnownFileType = folder.assetcatalog; path = Assets.xcassets; sourceTree = "<group>"; };
		CE86E1862C57DEFE006BD415 /* Preview Assets.xcassets */ = {isa = PBXFileReference; lastKnownFileType = folder.assetcatalog; path = "Preview Assets.xcassets"; sourceTree = "<group>"; };
		CE86E18E2C57E1F5006BD415 /* Color+Extension.swift */ = {isa = PBXFileReference; lastKnownFileType = sourcecode.swift; path = "Color+Extension.swift"; sourceTree = "<group>"; };
		CE86E1902C57E331006BD415 /* OnboardingView.swift */ = {isa = PBXFileReference; lastKnownFileType = sourcecode.swift; path = OnboardingView.swift; sourceTree = "<group>"; };
		CE86E1932C57ED4D006BD415 /* FavoritesView.swift */ = {isa = PBXFileReference; lastKnownFileType = sourcecode.swift; path = FavoritesView.swift; sourceTree = "<group>"; };
		CE86E1952C57ED85006BD415 /* CartView.swift */ = {isa = PBXFileReference; lastKnownFileType = sourcecode.swift; path = CartView.swift; sourceTree = "<group>"; };
		CE86E1972C57ED91006BD415 /* NotificationView.swift */ = {isa = PBXFileReference; lastKnownFileType = sourcecode.swift; path = NotificationView.swift; sourceTree = "<group>"; };
		CE86E1992C57F025006BD415 /* ContentView.swift */ = {isa = PBXFileReference; lastKnownFileType = sourcecode.swift; path = ContentView.swift; sourceTree = "<group>"; };
/* End PBXFileReference section */

/* Begin PBXFrameworksBuildPhase section */
		CE86E1792C57DEFC006BD415 /* Frameworks */ = {
			isa = PBXFrameworksBuildPhase;
			buildActionMask = 2147483647;
			files = (
			);
			runOnlyForDeploymentPostprocessing = 0;
		};
/* End PBXFrameworksBuildPhase section */

/* Begin PBXGroup section */
		CE86E1732C57DEFC006BD415 = {
			isa = PBXGroup;
			children = (
				CE86E17E2C57DEFC006BD415 /* CoffeShopApp */,
				CE86E17D2C57DEFC006BD415 /* Products */,
			);
			sourceTree = "<group>";
		};
		CE86E17D2C57DEFC006BD415 /* Products */ = {
			isa = PBXGroup;
			children = (
				CE86E17C2C57DEFC006BD415 /* CoffeShopApp.app */,
			);
			name = Products;
			sourceTree = "<group>";
		};
		CE86E17E2C57DEFC006BD415 /* CoffeShopApp */ = {
			isa = PBXGroup;
			children = (
				CE86E18D2C57E1DA006BD415 /* Extensions */,
				CE86E17F2C57DEFC006BD415 /* CoffeShopAppApp.swift */,
				CE86E1922C57E337006BD415 /* Views */,
				CE86E1832C57DEFE006BD415 /* Assets.xcassets */,
				CE86E1852C57DEFE006BD415 /* Preview Content */,
			);
			path = CoffeShopApp;
			sourceTree = "<group>";
		};
		CE86E1852C57DEFE006BD415 /* Preview Content */ = {
			isa = PBXGroup;
			children = (
				CE86E1862C57DEFE006BD415 /* Preview Assets.xcassets */,
			);
			path = "Preview Content";
			sourceTree = "<group>";
		};
		CE86E18D2C57E1DA006BD415 /* Extensions */ = {
			isa = PBXGroup;
			children = (
				CE86E18E2C57E1F5006BD415 /* Color+Extension.swift */,
			);
			path = Extensions;
			sourceTree = "<group>";
		};
		CE86E1922C57E337006BD415 /* Views */ = {
			isa = PBXGroup;
			children = (
				CE86E1902C57E331006BD415 /* OnboardingView.swift */,
				CE86E1812C57DEFC006BD415 /* MainMenu.swift */,
				CE86E1932C57ED4D006BD415 /* FavoritesView.swift */,
				CE86E1952C57ED85006BD415 /* CartView.swift */,
				CE86E1972C57ED91006BD415 /* NotificationView.swift */,
				CE86E1992C57F025006BD415 /* ContentView.swift */,
				CE7105C92C5931B4003FB169 /* DetailView.swift */,
			);
			path = Views;
			sourceTree = "<group>";
		};
/* End PBXGroup section */

/* Begin PBXNativeTarget section */
		CE86E17B2C57DEFC006BD415 /* CoffeShopApp */ = {
			isa = PBXNativeTarget;
			buildConfigurationList = CE86E18A2C57DEFE006BD415 /* Build configuration list for PBXNativeTarget "CoffeShopApp" */;
			buildPhases = (
				CE86E1782C57DEFC006BD415 /* Sources */,
				CE86E1792C57DEFC006BD415 /* Frameworks */,
				CE86E17A2C57DEFC006BD415 /* Resources */,
			);
			buildRules = (
			);
			dependencies = (
			);
			name = CoffeShopApp;
			productName = CoffeShopApp;
			productReference = CE86E17C2C57DEFC006BD415 /* CoffeShopApp.app */;
			productType = "com.apple.product-type.application";
		};
/* End PBXNativeTarget section */

/* Begin PBXProject section */
		CE86E1742C57DEFC006BD415 /* Project object */ = {
			isa = PBXProject;
			attributes = {
				BuildIndependentTargetsInParallel = 1;
				LastSwiftUpdateCheck = 1530;
				LastUpgradeCheck = 1530;
				TargetAttributes = {
					CE86E17B2C57DEFC006BD415 = {
						CreatedOnToolsVersion = 15.3;
					};
				};
			};
			buildConfigurationList = CE86E1772C57DEFC006BD415 /* Build configuration list for PBXProject "CoffeShopApp" */;
			compatibilityVersion = "Xcode 14.0";
			developmentRegion = en;
			hasScannedForEncodings = 0;
			knownRegions = (
				en,
				Base,
			);
			mainGroup = CE86E1732C57DEFC006BD415;
			productRefGroup = CE86E17D2C57DEFC006BD415 /* Products */;
			projectDirPath = "";
			projectRoot = "";
			targets = (
				CE86E17B2C57DEFC006BD415 /* CoffeShopApp */,
			);
		};
/* End PBXProject section */

/* Begin PBXResourcesBuildPhase section */
		CE86E17A2C57DEFC006BD415 /* Resources */ = {
			isa = PBXResourcesBuildPhase;
			buildActionMask = 2147483647;
			files = (
				CE86E1872C57DEFE006BD415 /* Preview Assets.xcassets in Resources */,
				CE86E1842C57DEFE006BD415 /* Assets.xcassets in Resources */,
			);
			runOnlyForDeploymentPostprocessing = 0;
		};
/* End PBXResourcesBuildPhase section */

/* Begin PBXSourcesBuildPhase section */
		CE86E1782C57DEFC006BD415 /* Sources */ = {
			isa = PBXSourcesBuildPhase;
			buildActionMask = 2147483647;
			files = (
				CE86E1962C57ED85006BD415 /* CartView.swift in Sources */,
				CE7105CA2C5931B4003FB169 /* DetailView.swift in Sources */,
				CE86E1822C57DEFC006BD415 /* MainMenu.swift in Sources */,
				CE86E19A2C57F025006BD415 /* ContentView.swift in Sources */,
				CE86E1982C57ED91006BD415 /* NotificationView.swift in Sources */,
				CE86E1912C57E331006BD415 /* OnboardingView.swift in Sources */,
				CE86E18F2C57E1F5006BD415 /* Color+Extension.swift in Sources */,
				CE86E1802C57DEFC006BD415 /* CoffeShopAppApp.swift in Sources */,
				CE86E1942C57ED4D006BD415 /* FavoritesView.swift in Sources */,
			);
			runOnlyForDeploymentPostprocessing = 0;
		};
/* End PBXSourcesBuildPhase section */

/* Begin XCBuildConfiguration section */
		CE86E1882C57DEFE006BD415 /* Debug */ = {
			isa = XCBuildConfiguration;
			buildSettings = {
				ALWAYS_SEARCH_USER_PATHS = NO;
				ASSETCATALOG_COMPILER_GENERATE_SWIFT_ASSET_SYMBOL_EXTENSIONS = YES;
				CLANG_ANALYZER_NONNULL = YES;
				CLANG_ANALYZER_NUMBER_OBJECT_CONVERSION = YES_AGGRESSIVE;
				CLANG_CXX_LANGUAGE_STANDARD = "gnu++20";
				CLANG_ENABLE_MODULES = YES;
				CLANG_ENABLE_OBJC_ARC = YES;
				CLANG_ENABLE_OBJC_WEAK = YES;
				CLANG_WARN_BLOCK_CAPTURE_AUTORELEASING = YES;
				CLANG_WARN_BOOL_CONVERSION = YES;
				CLANG_WARN_COMMA = YES;
				CLANG_WARN_CONSTANT_CONVERSION = YES;
				CLANG_WARN_DEPRECATED_OBJC_IMPLEMENTATIONS = YES;
				CLANG_WARN_DIRECT_OBJC_ISA_USAGE = YES_ERROR;
				CLANG_WARN_DOCUMENTATION_COMMENTS = YES;
				CLANG_WARN_EMPTY_BODY = YES;
				CLANG_WARN_ENUM_CONVERSION = YES;
				CLANG_WARN_INFINITE_RECURSION = YES;
				CLANG_WARN_INT_CONVERSION = YES;
				CLANG_WARN_NON_LITERAL_NULL_CONVERSION = YES;
				CLANG_WARN_OBJC_IMPLICIT_RETAIN_SELF = YES;
				CLANG_WARN_OBJC_LITERAL_CONVERSION = YES;
				CLANG_WARN_OBJC_ROOT_CLASS = YES_ERROR;
				CLANG_WARN_QUOTED_INCLUDE_IN_FRAMEWORK_HEADER = YES;
				CLANG_WARN_RANGE_LOOP_ANALYSIS = YES;
				CLANG_WARN_STRICT_PROTOTYPES = YES;
				CLANG_WARN_SUSPICIOUS_MOVE = YES;
				CLANG_WARN_UNGUARDED_AVAILABILITY = YES_AGGRESSIVE;
				CLANG_WARN_UNREACHABLE_CODE = YES;
				CLANG_WARN__DUPLICATE_METHOD_MATCH = YES;
				COPY_PHASE_STRIP = NO;
				DEBUG_INFORMATION_FORMAT = dwarf;
				ENABLE_STRICT_OBJC_MSGSEND = YES;
				ENABLE_TESTABILITY = YES;
				ENABLE_USER_SCRIPT_SANDBOXING = YES;
				GCC_C_LANGUAGE_STANDARD = gnu17;
				GCC_DYNAMIC_NO_PIC = NO;
				GCC_NO_COMMON_BLOCKS = YES;
				GCC_OPTIMIZATION_LEVEL = 0;
				GCC_PREPROCESSOR_DEFINITIONS = (
					"DEBUG=1",
					"$(inherited)",
				);
				GCC_WARN_64_TO_32_BIT_CONVERSION = YES;
				GCC_WARN_ABOUT_RETURN_TYPE = YES_ERROR;
				GCC_WARN_UNDECLARED_SELECTOR = YES;
				GCC_WARN_UNINITIALIZED_AUTOS = YES_AGGRESSIVE;
				GCC_WARN_UNUSED_FUNCTION = YES;
				GCC_WARN_UNUSED_VARIABLE = YES;
				IPHONEOS_DEPLOYMENT_TARGET = 17.4;
				LOCALIZATION_PREFERS_STRING_CATALOGS = YES;
				MTL_ENABLE_DEBUG_INFO = INCLUDE_SOURCE;
				MTL_FAST_MATH = YES;
				ONLY_ACTIVE_ARCH = YES;
				SDKROOT = iphoneos;
				SWIFT_ACTIVE_COMPILATION_CONDITIONS = "DEBUG $(inherited)";
				SWIFT_OPTIMIZATION_LEVEL = "-Onone";
			};
			name = Debug;
		};
		CE86E1892C57DEFE006BD415 /* Release */ = {
			isa = XCBuildConfiguration;
			buildSettings = {
				ALWAYS_SEARCH_USER_PATHS = NO;
				ASSETCATALOG_COMPILER_GENERATE_SWIFT_ASSET_SYMBOL_EXTENSIONS = YES;
				CLANG_ANALYZER_NONNULL = YES;
				CLANG_ANALYZER_NUMBER_OBJECT_CONVERSION = YES_AGGRESSIVE;
				CLANG_CXX_LANGUAGE_STANDARD = "gnu++20";
				CLANG_ENABLE_MODULES = YES;
				CLANG_ENABLE_OBJC_ARC = YES;
				CLANG_ENABLE_OBJC_WEAK = YES;
				CLANG_WARN_BLOCK_CAPTURE_AUTORELEASING = YES;
				CLANG_WARN_BOOL_CONVERSION = YES;
				CLANG_WARN_COMMA = YES;
				CLANG_WARN_CONSTANT_CONVERSION = YES;
				CLANG_WARN_DEPRECATED_OBJC_IMPLEMENTATIONS = YES;
				CLANG_WARN_DIRECT_OBJC_ISA_USAGE = YES_ERROR;
				CLANG_WARN_DOCUMENTATION_COMMENTS = YES;
				CLANG_WARN_EMPTY_BODY = YES;
				CLANG_WARN_ENUM_CONVERSION = YES;
				CLANG_WARN_INFINITE_RECURSION = YES;
				CLANG_WARN_INT_CONVERSION = YES;
				CLANG_WARN_NON_LITERAL_NULL_CONVERSION = YES;
				CLANG_WARN_OBJC_IMPLICIT_RETAIN_SELF = YES;
				CLANG_WARN_OBJC_LITERAL_CONVERSION = YES;
				CLANG_WARN_OBJC_ROOT_CLASS = YES_ERROR;
				CLANG_WARN_QUOTED_INCLUDE_IN_FRAMEWORK_HEADER = YES;
				CLANG_WARN_RANGE_LOOP_ANALYSIS = YES;
				CLANG_WARN_STRICT_PROTOTYPES = YES;
				CLANG_WARN_SUSPICIOUS_MOVE = YES;
				CLANG_WARN_UNGUARDED_AVAILABILITY = YES_AGGRESSIVE;
				CLANG_WARN_UNREACHABLE_CODE = YES;
				CLANG_WARN__DUPLICATE_METHOD_MATCH = YES;
				COPY_PHASE_STRIP = NO;
				DEBUG_INFORMATION_FORMAT = "dwarf-with-dsym";
				ENABLE_NS_ASSERTIONS = NO;
				ENABLE_STRICT_OBJC_MSGSEND = YES;
				ENABLE_USER_SCRIPT_SANDBOXING = YES;
				GCC_C_LANGUAGE_STANDARD = gnu17;
				GCC_NO_COMMON_BLOCKS = YES;
				GCC_WARN_64_TO_32_BIT_CONVERSION = YES;
				GCC_WARN_ABOUT_RETURN_TYPE = YES_ERROR;
				GCC_WARN_UNDECLARED_SELECTOR = YES;
				GCC_WARN_UNINITIALIZED_AUTOS = YES_AGGRESSIVE;
				GCC_WARN_UNUSED_FUNCTION = YES;
				GCC_WARN_UNUSED_VARIABLE = YES;
				IPHONEOS_DEPLOYMENT_TARGET = 17.4;
				LOCALIZATION_PREFERS_STRING_CATALOGS = YES;
				MTL_ENABLE_DEBUG_INFO = NO;
				MTL_FAST_MATH = YES;
				SDKROOT = iphoneos;
				SWIFT_COMPILATION_MODE = wholemodule;
				VALIDATE_PRODUCT = YES;
			};
			name = Release;
		};
		CE86E18B2C57DEFE006BD415 /* Debug */ = {
			isa = XCBuildConfiguration;
			buildSettings = {
				ASSETCATALOG_COMPILER_APPICON_NAME = AppIcon;
				ASSETCATALOG_COMPILER_GLOBAL_ACCENT_COLOR_NAME = AccentColor;
				CODE_SIGN_STYLE = Automatic;
				CURRENT_PROJECT_VERSION = 1;
				DEVELOPMENT_ASSET_PATHS = "\"CoffeShopApp/Preview Content\"";
				DEVELOPMENT_TEAM = D857Q9QNF5;
				ENABLE_PREVIEWS = YES;
				GENERATE_INFOPLIST_FILE = YES;
				INFOPLIST_KEY_UIApplicationSceneManifest_Generation = YES;
				INFOPLIST_KEY_UIApplicationSupportsIndirectInputEvents = YES;
				INFOPLIST_KEY_UILaunchScreen_Generation = YES;
				INFOPLIST_KEY_UISupportedInterfaceOrientations_iPad = "UIInterfaceOrientationPortrait UIInterfaceOrientationPortraitUpsideDown UIInterfaceOrientationLandscapeLeft UIInterfaceOrientationLandscapeRight";
				INFOPLIST_KEY_UISupportedInterfaceOrientations_iPhone = "UIInterfaceOrientationPortrait UIInterfaceOrientationLandscapeLeft UIInterfaceOrientationLandscapeRight";
				LD_RUNPATH_SEARCH_PATHS = (
					"$(inherited)",
					"@executable_path/Frameworks",
				);
				MARKETING_VERSION = 1.0;
				PRODUCT_BUNDLE_IDENTIFIER = com.tarcann.CoffeShopApp;
				PRODUCT_NAME = "$(TARGET_NAME)";
				SWIFT_EMIT_LOC_STRINGS = YES;
				SWIFT_VERSION = 5.0;
				TARGETED_DEVICE_FAMILY = "1,2";
			};
			name = Debug;
		};
		CE86E18C2C57DEFE006BD415 /* Release */ = {
			isa = XCBuildConfiguration;
			buildSettings = {
				ASSETCATALOG_COMPILER_APPICON_NAME = AppIcon;
				ASSETCATALOG_COMPILER_GLOBAL_ACCENT_COLOR_NAME = AccentColor;
				CODE_SIGN_STYLE = Automatic;
				CURRENT_PROJECT_VERSION = 1;
				DEVELOPMENT_ASSET_PATHS = "\"CoffeShopApp/Preview Content\"";
				DEVELOPMENT_TEAM = D857Q9QNF5;
				ENABLE_PREVIEWS = YES;
				GENERATE_INFOPLIST_FILE = YES;
				INFOPLIST_KEY_UIApplicationSceneManifest_Generation = YES;
				INFOPLIST_KEY_UIApplicationSupportsIndirectInputEvents = YES;
				INFOPLIST_KEY_UILaunchScreen_Generation = YES;
				INFOPLIST_KEY_UISupportedInterfaceOrientations_iPad = "UIInterfaceOrientationPortrait UIInterfaceOrientationPortraitUpsideDown UIInterfaceOrientationLandscapeLeft UIInterfaceOrientationLandscapeRight";
				INFOPLIST_KEY_UISupportedInterfaceOrientations_iPhone = "UIInterfaceOrientationPortrait UIInterfaceOrientationLandscapeLeft UIInterfaceOrientationLandscapeRight";
				LD_RUNPATH_SEARCH_PATHS = (
					"$(inherited)",
					"@executable_path/Frameworks",
				);
				MARKETING_VERSION = 1.0;
				PRODUCT_BUNDLE_IDENTIFIER = com.tarcann.CoffeShopApp;
				PRODUCT_NAME = "$(TARGET_NAME)";
				SWIFT_EMIT_LOC_STRINGS = YES;
				SWIFT_VERSION = 5.0;
				TARGETED_DEVICE_FAMILY = "1,2";
			};
			name = Release;
		};
/* End XCBuildConfiguration section */

/* Begin XCConfigurationList section */
		CE86E1772C57DEFC006BD415 /* Build configuration list for PBXProject "CoffeShopApp" */ = {
			isa = XCConfigurationList;
			buildConfigurations = (
				CE86E1882C57DEFE006BD415 /* Debug */,
				CE86E1892C57DEFE006BD415 /* Release */,
			);
			defaultConfigurationIsVisible = 0;
			defaultConfigurationName = Release;
		};
		CE86E18A2C57DEFE006BD415 /* Build configuration list for PBXNativeTarget "CoffeShopApp" */ = {
			isa = XCConfigurationList;
			buildConfigurations = (
				CE86E18B2C57DEFE006BD415 /* Debug */,
				CE86E18C2C57DEFE006BD415 /* Release */,
			);
			defaultConfigurationIsVisible = 0;
			defaultConfigurationName = Release;
		};
/* End XCConfigurationList section */
	};
	rootObject = CE86E1742C57DEFC006BD415 /* Project object */;
}
